
Microsoft Visual Studio Solution File, Format Version 12.00
# Visual Studio Version 17
VisualStudioVersion = 17.0.31903.59
MinimumVisualStudioVersion = 10.0.40219.1
Project("{FAE04EC0-301F-11D3-BF4B-00C04F79EFBC}") = "AdminService", "AdminService\AdminService.csproj", "{1881B394-9B9E-4D94-A2A3-ABDDEC9A3C41}"
EndProject
Project("{FAE04EC0-301F-11D3-BF4B-00C04F79EFBC}") = "AdminService.Tests", "AdminService.Tests\AdminService.Tests.csproj", "{76A98DD0-155C-4708-8DFE-E8F64228390F}"
EndProject
Global
	GlobalSection(SolutionConfigurationPlatforms) = preSolution
		Debug|Any CPU = Debug|Any CPU
		Release|Any CPU = Release|Any CPU
	EndGlobalSection
	GlobalSection(SolutionProperties) = preSolution
		HideSolutionNode = FALSE
	EndGlobalSection
	GlobalSection(ProjectConfigurationPlatforms) = postSolution
		{1881B394-9B9E-4D94-A2A3-ABDDEC9A3C41}.Debug|Any CPU.ActiveCfg = Debug|Any CPU
		{1881B394-9B9E-4D94-A2A3-ABDDEC9A3C41}.Debug|Any CPU.Build.0 = Debug|Any CPU
		{1881B394-9B9E-4D94-A2A3-ABDDEC9A3C41}.Release|Any CPU.ActiveCfg = Release|Any CPU
		{1881B394-9B9E-4D94-A2A3-ABDDEC9A3C41}.Release|Any CPU.Build.0 = Release|Any CPU
		{76A98DD0-155C-4708-8DFE-E8F64228390F}.Debug|Any CPU.ActiveCfg = Debug|Any CPU
		{76A98DD0-155C-4708-8DFE-E8F64228390F}.Debug|Any CPU.Build.0 = Debug|Any CPU
		{76A98DD0-155C-4708-8DFE-E8F64228390F}.Release|Any CPU.ActiveCfg = Release|Any CPU
		{76A98DD0-155C-4708-8DFE-E8F64228390F}.Release|Any CPU.Build.0 = Release|Any CPU
	EndGlobalSection
EndGlobal
